{"is_source_file": true, "file_id": 27, "git_revision": "382e3868a18a68cb7fa90ff61b0425c770d1b3a7", "state": 1, "description": "", "external_files": [], "external_methods": [], "published": [], "classes": [], "methods": [], "calls": [], "search-terms": [], "filename": "/home/kavia/workspace/code-generation/mealmaster-planner-24759-83a81f90/mealplanner_app/post_process_status.lock", "hash": "e9b4c3b42cef0193b7fddb548d37e652", "format-version": 4, "code-base-name": "default", "knowledge_revision": 68}